// !$*UTF8*$!
{
	archiveVersion = 1;
	classes = {
	};
	objectVersion = 77;
	objects = {

/* Begin PBXBuildFile section */
		0128B7692F4D3F9500408399 /* MLX in Frameworks */ = {isa = PBXBuildFile; productRef = 0128B7682F4D3F9500408399 /* MLX */; };
		0128B76B2F4D3F9500408399 /* MLXFFT in Frameworks */ = {isa = PBXBuildFile; productRef = 0128B76A2F4D3F9500408399 /* MLXFFT */; };
		0128B76D2F4D3F9500408399 /* MLXFast in Frameworks */ = {isa = PBXBuildFile; productRef = 0128B76C2F4D3F9500408399 /* MLXFast */; };
		0128B76F2F4D3F9500408399 /* MLXLinalg in Frameworks */ = {isa = PBXBuildFile; productRef = 0128B76E2F4D3F9500408399 /* MLXLinalg */; };
		0128B7712F4D3F9500408399 /* MLXNN in Frameworks */ = {isa = PBXBuildFile; productRef = 0128B7702F4D3F9500408399 /* MLXNN */; };
		0128B7742F4D3FAE00408399 /* MLXEmbedders in Frameworks */ = {isa = PBXBuildFile; productRef = 0128B7732F4D3FAE00408399 /* MLXEmbedders */; };
		0128B7762F4D3FAE00408399 /* MLXLLM in Frameworks */ = {isa = PBXBuildFile; productRef = 0128B7752F4D3FAE00408399 /* MLXLLM */; };
		0128B7782F4D3FAE00408399 /* MLXLMCommon in Frameworks */ = {isa = PBXBuildFile; productRef = 0128B7772F4D3FAE00408399 /* MLXLMCommon */; };
		0128B77A2F4D3FAE00408399 /* MLXMNIST in Frameworks */ = {isa = PBXBuildFile; productRef = 0128B7792F4D3FAE00408399 /* MLXMNIST */; };
		0128B77C2F4D3FAE00408399 /* MLXVLM in Frameworks */ = {isa = PBXBuildFile; productRef = 0128B77B2F4D3FAE00408399 /* MLXVLM */; };
/* End PBXBuildFile section */

/* Begin PBXFileReference section */
		0128B6FC2F4D2F6900408399 /* .app */ = {isa = PBXFileReference; explicitFileType = wrapper.application; includeInIndex = 0; path = .app; sourceTree = BUILT_PRODUCTS_DIR; };
/* End PBXFileReference section */

/* Begin PBXFileSystemSynchronizedRootGroup section */
		0128B6FE2F4D2F6900408399 /* MLX-chatbot */ = {
			isa = PBXFileSystemSynchronizedRootGroup;
			path = "MLX-chatbot";
			sourceTree = "<group>";
		};
/* End PBXFileSystemSynchronizedRootGroup section */

/* Begin PBXFrameworksBuildPhase section */
		0128B6F92F4D2F6900408399 /* Frameworks */ = {
			isa = PBXFrameworksBuildPhase;
			buildActionMask = 2147483647;
			files = (
				0128B77C2F4D3FAE00408399 /* MLXVLM in Frameworks */,
				0128B77A2F4D3FAE00408399 /* MLXMNIST in Frameworks */,
				0128B7762F4D3FAE00408399 /* MLXLLM in Frameworks */,
				0128B76D2F4D3F9500408399 /* MLXFast in Frameworks */,
				0128B76F2F4D3F9500408399 /* MLXLinalg in Frameworks */,
				0128B7742F4D3FAE00408399 /* MLXEmbedders in Frameworks */,
				0128B7692F4D3F9500408399 /* MLX in Frameworks */,
				0128B7712F4D3F9500408399 /* MLXNN in Frameworks */,
				0128B7782F4D3FAE00408399 /* MLXLMCommon in Frameworks */,
				0128B76B2F4D3F9500408399 /* MLXFFT in Frameworks */,
			);
			runOnlyForDeploymentPostprocessing = 0;
		};
/* End PBXFrameworksBuildPhase section */

/* Begin PBXGroup section */
		0128B6F32F4D2F6900408399 = {
			isa = PBXGroup;
			children = (
				0128B6FE2F4D2F6900408399 /* MLX-chatbot */,
				0128B6FD2F4D2F6900408399 /* Products */,
			);
			sourceTree = "<group>";
		};
		0128B6FD2F4D2F6900408399 /* Products */ = {
			isa = PBXGroup;
			children = (
				0128B6FC2F4D2F6900408399 /* .app */,
			);
			name = Products;
			sourceTree = "<group>";
		};
/* End PBXGroup section */

/* Begin PBXNativeTarget section */
		0128B6FB2F4D2F6900408399 /* MLX-chatbot */ = {
			isa = PBXNativeTarget;
			buildConfigurationList = 0128B7072F4D2F6B00408399 /* Build configuration list for PBXNativeTarget "MLX-chatbot" */;
			buildPhases = (
				0128B6F82F4D2F6900408399 /* Sources */,
				0128B6F92F4D2F6900408399 /* Frameworks */,
				0128B6FA2F4D2F6900408399 /* Resources */,
			);
			buildRules = (
			);
			dependencies = (
			);
			fileSystemSynchronizedGroups = (
				0128B6FE2F4D2F6900408399 /* MLX-chatbot */,
			);
			name = "MLX-chatbot";
			packageProductDependencies = (
				0128B7682F4D3F9500408399 /* MLX */,
				0128B76A2F4D3F9500408399 /* MLXFFT */,
				0128B76C2F4D3F9500408399 /* MLXFast */,
				0128B76E2F4D3F9500408399 /* MLXLinalg */,
				0128B7702F4D3F9500408399 /* MLXNN */,
				0128B7732F4D3FAE00408399 /* MLXEmbedders */,
				0128B7752F4D3FAE00408399 /* MLXLLM */,
				0128B7772F4D3FAE00408399 /* MLXLMCommon */,
				0128B7792F4D3FAE00408399 /* MLXMNIST */,
				0128B77B2F4D3FAE00408399 /* MLXVLM */,
			);
			productName = "MLX-chatbot";
			productReference = 0128B6FC2F4D2F6900408399 /* .app */;
			productType = "com.apple.product-type.application";
		};
/* End PBXNativeTarget section */

/* Begin PBXProject section */
		0128B6F42F4D2F6900408399 /* Project object */ = {
			isa = PBXProject;
			attributes = {
				BuildIndependentTargetsInParallel = 1;
				LastSwiftUpdateCheck = 2610;
				LastUpgradeCheck = 2610;
				TargetAttributes = {
					0128B6FB2F4D2F6900408399 = {
						CreatedOnToolsVersion = 26.1;
					};
				};
			};
			buildConfigurationList = 0128B6F72F4D2F6900408399 /* Build configuration list for PBXProject "MLX-chatbot" */;
			developmentRegion = en;
			hasScannedForEncodings = 0;
			knownRegions = (
				en,
				Base,
			);
			mainGroup = 0128B6F32F4D2F6900408399;
			minimizedProjectReferenceProxies = 1;
			packageReferences = (
				0128B7672F4D3F9500408399 /* XCRemoteSwiftPackageReference "mlx-swift" */,
				0128B7722F4D3FAE00408399 /* XCRemoteSwiftPackageReference "mlx-swift-examples" */,
			);
			preferredProjectObjectVersion = 77;
			productRefGroup = 0128B6FD2F4D2F6900408399 /* Products */;
			projectDirPath = "";
			projectRoot = "";
			targets = (
				0128B6FB2F4D2F6900408399 /* MLX-chatbot */,
			);
		};
/* End PBXProject section */

/* Begin PBXResourcesBuildPhase section */
		0128B6FA2F4D2F6900408399 /* Resources */ = {
			isa = PBXResourcesBuildPhase;
			buildActionMask = 2147483647;
			files = (
			);
			runOnlyForDeploymentPostprocessing = 0;
		};
/* End PBXResourcesBuildPhase section */

/* Begin PBXSourcesBuildPhase section */
		0128B6F82F4D2F6900408399 /* Sources */ = {
			isa = PBXSourcesBuildPhase;
			buildActionMask = 2147483647;
			files = (
			);
			runOnlyForDeploymentPostprocessing = 0;
		};
/* End PBXSourcesBuildPhase section */

/* Begin XCBuildConfiguration section */
		0128B7052F4D2F6B00408399 /* Debug */ = {
			isa = XCBuildConfiguration;
			buildSettings = {
			};
			name = Debug;
		};
		0128B7062F4D2F6B00408399 /* Release */ = {
			isa = XCBuildConfiguration;
			buildSettings = {
			};
			name = Release;
		};
		0128B7082F4D2F6B00408399 /* Debug */ = {
			isa = XCBuildConfiguration;
			buildSettings = {
			};
			name = Debug;
		};
		0128B7092F4D2F6B00408399 /* Release */ = {
			isa = XCBuildConfiguration;
			buildSettings = {
			};
			name = Release;
		};
/* End XCBuildConfiguration section */

/* Begin XCConfigurationList section */
		0128B6F72F4D2F6900408399 /* Build configuration list for PBXProject "MLX-chatbot" */ = {
			isa = XCConfigurationList;
			buildConfigurations = (
				0128B7052F4D2F6B00408399 /* Debug */,
				0128B7062F4D2F6B00408399 /* Release */,
			);
			defaultConfigurationIsVisible = 0;
			defaultConfigurationName = Release;
		};
		0128B7072F4D2F6B00408399 /* Build configuration list for PBXNativeTarget "MLX-chatbot" */ = {
			isa = XCConfigurationList;
			buildConfigurations = (
				0128B7082F4D2F6B00408399 /* Debug */,
				0128B7092F4D2F6B00408399 /* Release */,
			);
			defaultConfigurationIsVisible = 0;
			defaultConfigurationName = Release;
		};
/* End XCConfigurationList section */

/* Begin XCRemoteSwiftPackageReference section */
		0128B7672F4D3F9500408399 /* XCRemoteSwiftPackageReference "mlx-swift" */ = {
			isa = XCRemoteSwiftPackageReference;
			repositoryURL = "https://github.com/ml-explore/mlx-swift.git";
			requirement = {
				kind = upToNextMajorVersion;
				minimumVersion = 0.25.6;
			};
		};
		0128B7722F4D3FAE00408399 /* XCRemoteSwiftPackageReference "mlx-swift-examples" */ = {
			isa = XCRemoteSwiftPackageReference;
			repositoryURL = "https://github.com/ml-explore/mlx-swift-examples.git";
			requirement = {
				kind = upToNextMajorVersion;
				minimumVersion = 2.25.5;
			};
		};
/* End XCRemoteSwiftPackageReference section */

/* Begin XCSwiftPackageProductDependency section */
		0128B7682F4D3F9500408399 /* MLX */ = {
			isa = XCSwiftPackageProductDependency;
			package = 0128B7672F4D3F9500408399 /* XCRemoteSwiftPackageReference "mlx-swift" */;
			productName = MLX;
		};
		0128B76A2F4D3F9500408399 /* MLXFFT */ = {
			isa = XCSwiftPackageProductDependency;
			package = 0128B7672F4D3F9500408399 /* XCRemoteSwiftPackageReference "mlx-swift" */;
			productName = MLXFFT;
		};
		0128B76C2F4D3F9500408399 /* MLXFast */ = {
			isa = XCSwiftPackageProductDependency;
			package = 0128B7672F4D3F9500408399 /* XCRemoteSwiftPackageReference "mlx-swift" */;
			productName = MLXFast;
		};
		0128B76E2F4D3F9500408399 /* MLXLinalg */ = {
			isa = XCSwiftPackageProductDependency;
			package = 0128B7672F4D3F9500408399 /* XCRemoteSwiftPackageReference "mlx-swift" */;
			productName = MLXLinalg;
		};
		0128B7702F4D3F9500408399 /* MLXNN */ = {
			isa = XCSwiftPackageProductDependency;
			package = 0128B7672F4D3F9500408399 /* XCRemoteSwiftPackageReference "mlx-swift" */;
			productName = MLXNN;
		};
		0128B7732F4D3FAE00408399 /* MLXEmbedders */ = {
			isa = XCSwiftPackageProductDependency;
			package = 0128B7722F4D3FAE00408399 /* XCRemoteSwiftPackageReference "mlx-swift-examples" */;
			productName = MLXEmbedders;
		};
		0128B7752F4D3FAE00408399 /* MLXLLM */ = {
			isa = XCSwiftPackageProductDependency;
			package = 0128B7722F4D3FAE00408399 /* XCRemoteSwiftPackageReference "mlx-swift-examples" */;
			productName = MLXLLM;
		};
		0128B7772F4D3FAE00408399 /* MLXLMCommon */ = {
			isa = XCSwiftPackageProductDependency;
			package = 0128B7722F4D3FAE00408399 /* XCRemoteSwiftPackageReference "mlx-swift-examples" */;
			productName = MLXLMCommon;
		};
		0128B7792F4D3FAE00408399 /* MLXMNIST */ = {
			isa = XCSwiftPackageProductDependency;
			package = 0128B7722F4D3FAE00408399 /* XCRemoteSwiftPackageReference "mlx-swift-examples" */;
			productName = MLXMNIST;
		};
		0128B77B2F4D3FAE00408399 /* MLXVLM */ = {
			isa = XCSwiftPackageProductDependency;
			package = 0128B7722F4D3FAE00408399 /* XCRemoteSwiftPackageReference "mlx-swift-examples" */;
			productName = MLXVLM;
		};
/* End XCSwiftPackageProductDependency section */
	};
	rootObject = 0128B6F42F4D2F6900408399 /* Project object */;
}
